
Microsoft Visual Studio Solution File, Format Version 12.00
# Visual Studio Version 16
VisualStudioVersion = 16.0.31829.152
MinimumVisualStudioVersion = 10.0.40219.1
Project("{FAE04EC0-301F-11D3-BF4B-00C04F79EFBC}") = "StructEquation", "StructEquation\StructEquation.csproj", "{FF58107D-D4C8-4C5A-9F4F-3C3AC7BFC7FE}"
EndProject
Project("{FAE04EC0-301F-11D3-BF4B-00C04F79EFBC}") = "Equation", "Equation\Equation.csproj", "{50836284-C85D-49A0-8845-729B00FB0EFC}"
EndProject
Global
	GlobalSection(SolutionConfigurationPlatforms) = preSolution
		Debug|Any CPU = Debug|Any CPU
		Release|Any CPU = Release|Any CPU
	EndGlobalSection
	GlobalSection(ProjectConfigurationPlatforms) = postSolution
		{FF58107D-D4C8-4C5A-9F4F-3C3AC7BFC7FE}.Debug|Any CPU.ActiveCfg = Debug|Any CPU
		{FF58107D-D4C8-4C5A-9F4F-3C3AC7BFC7FE}.Debug|Any CPU.Build.0 = Debug|Any CPU
		{FF58107D-D4C8-4C5A-9F4F-3C3AC7BFC7FE}.Release|Any CPU.ActiveCfg = Release|Any CPU
		{FF58107D-D4C8-4C5A-9F4F-3C3AC7BFC7FE}.Release|Any CPU.Build.0 = Release|Any CPU
		{50836284-C85D-49A0-8845-729B00FB0EFC}.Debug|Any CPU.ActiveCfg = Debug|Any CPU
		{50836284-C85D-49A0-8845-729B00FB0EFC}.Debug|Any CPU.Build.0 = Debug|Any CPU
		{50836284-C85D-49A0-8845-729B00FB0EFC}.Release|Any CPU.ActiveCfg = Release|Any CPU
		{50836284-C85D-49A0-8845-729B00FB0EFC}.Release|Any CPU.Build.0 = Release|Any CPU
	EndGlobalSection
	GlobalSection(SolutionProperties) = preSolution
		HideSolutionNode = FALSE
	EndGlobalSection
	GlobalSection(ExtensibilityGlobals) = postSolution
		SolutionGuid = {97C5A68F-7A4D-4F8B-804F-5E3CC57D2BC5}
	EndGlobalSection
EndGlobal
